
Microsoft Visual Studio Solution File, Format Version 12.00
# Visual Studio Version 17
VisualStudioVersion = 17.6.33829.357
MinimumVisualStudioVersion = 10.0.40219.1
Project("{FAE04EC0-301F-11D3-BF4B-00C04F79EFBC}") = "Intro_IfElseSwich", "Intro_IfElseSwich\Intro_IfElseSwich.csproj", "{0CEDFD1A-BA67-40A0-AB1B-13A30CD4FCDB}"
EndProject
Global
	GlobalSection(SolutionConfigurationPlatforms) = preSolution
		Debug|Any CPU = Debug|Any CPU
		Release|Any CPU = Release|Any CPU
	EndGlobalSection
	GlobalSection(ProjectConfigurationPlatforms) = postSolution
		{0CEDFD1A-BA67-40A0-AB1B-13A30CD4FCDB}.Debug|Any CPU.ActiveCfg = Debug|Any CPU
		{0CEDFD1A-BA67-40A0-AB1B-13A30CD4FCDB}.Debug|Any CPU.Build.0 = Debug|Any CPU
		{0CEDFD1A-BA67-40A0-AB1B-13A30CD4FCDB}.Release|Any CPU.ActiveCfg = Release|Any CPU
		{0CEDFD1A-BA67-40A0-AB1B-13A30CD4FCDB}.Release|Any CPU.Build.0 = Release|Any CPU
	EndGlobalSection
	GlobalSection(SolutionProperties) = preSolution
		HideSolutionNode = FALSE
	EndGlobalSection
	GlobalSection(ExtensibilityGlobals) = postSolution
		SolutionGuid = {6ABCCA03-1548-4C86-9EF6-8F6E246BC400}
	EndGlobalSection
EndGlobal
